
Microsoft Visual Studio Solution File, Format Version 12.00
Project("{FAE04EC0-301F-11D3-BF4B-00C04F79EFBC}") = "AnaeLogiciel", "AnaeLogiciel\AnaeLogiciel.csproj", "{607AC39B-5F24-48B4-AC5E-406EE0EDCB6D}"
EndProject
Global
	GlobalSection(SolutionConfigurationPlatforms) = preSolution
		Debug|Any CPU = Debug|Any CPU
		Release|Any CPU = Release|Any CPU
	EndGlobalSection
	GlobalSection(ProjectConfigurationPlatforms) = postSolution
		{607AC39B-5F24-48B4-AC5E-406EE0EDCB6D}.Debug|Any CPU.ActiveCfg = Debug|Any CPU
		{607AC39B-5F24-48B4-AC5E-406EE0EDCB6D}.Debug|Any CPU.Build.0 = Debug|Any CPU
		{607AC39B-5F24-48B4-AC5E-406EE0EDCB6D}.Release|Any CPU.ActiveCfg = Release|Any CPU
		{607AC39B-5F24-48B4-AC5E-406EE0EDCB6D}.Release|Any CPU.Build.0 = Release|Any CPU
	EndGlobalSection
EndGlobal
